
Microsoft Visual Studio Solution File, Format Version 12.00
Project("{FAE04EC0-301F-11D3-BF4B-00C04F79EFBC}") = "Expense Manager", "Expense Manager\Expense Manager.csproj", "{31F3176A-61F3-4B75-B7E2-29888698E2EB}"
EndProject
Global
	GlobalSection(SolutionConfigurationPlatforms) = preSolution
		Debug|Any CPU = Debug|Any CPU
		Release|Any CPU = Release|Any CPU
	EndGlobalSection
	GlobalSection(ProjectConfigurationPlatforms) = postSolution
		{31F3176A-61F3-4B75-B7E2-29888698E2EB}.Debug|Any CPU.ActiveCfg = Debug|Any CPU
		{31F3176A-61F3-4B75-B7E2-29888698E2EB}.Debug|Any CPU.Build.0 = Debug|Any CPU
		{31F3176A-61F3-4B75-B7E2-29888698E2EB}.Release|Any CPU.ActiveCfg = Release|Any CPU
		{31F3176A-61F3-4B75-B7E2-29888698E2EB}.Release|Any CPU.Build.0 = Release|Any CPU
	EndGlobalSection
EndGlobal
